
Microsoft Visual Studio Solution File, Format Version 12.00
# Visual Studio Version 17
VisualStudioVersion = 17.1.32421.90
MinimumVisualStudioVersion = 10.0.40219.1
Project("{9A19103F-16F7-4668-BE54-9A1E7A4F7556}") = "FlatLibMonogame", "FlatLibMonogame.csproj", "{CDA3DB0B-3153-475A-AAC2-6BF4D3D3EFCB}"
EndProject
Project("{FAE04EC0-301F-11D3-BF4B-00C04F79EFBC}") = "FlatLib", "..\FlatLib\FlatLib.csproj", "{7EC18DE4-931B-4D08-8654-E49D5D4BE993}"
EndProject
Global
	GlobalSection(SolutionConfigurationPlatforms) = preSolution
		Debug|Any CPU = Debug|Any CPU
		Release|Any CPU = Release|Any CPU
	EndGlobalSection
	GlobalSection(ProjectConfigurationPlatforms) = postSolution
		{CDA3DB0B-3153-475A-AAC2-6BF4D3D3EFCB}.Debug|Any CPU.ActiveCfg = Debug|Any CPU
		{CDA3DB0B-3153-475A-AAC2-6BF4D3D3EFCB}.Debug|Any CPU.Build.0 = Debug|Any CPU
		{CDA3DB0B-3153-475A-AAC2-6BF4D3D3EFCB}.Release|Any CPU.ActiveCfg = Release|Any CPU
		{CDA3DB0B-3153-475A-AAC2-6BF4D3D3EFCB}.Release|Any CPU.Build.0 = Release|Any CPU
		{7EC18DE4-931B-4D08-8654-E49D5D4BE993}.Debug|Any CPU.ActiveCfg = Debug|Any CPU
		{7EC18DE4-931B-4D08-8654-E49D5D4BE993}.Debug|Any CPU.Build.0 = Debug|Any CPU
		{7EC18DE4-931B-4D08-8654-E49D5D4BE993}.Release|Any CPU.ActiveCfg = Release|Any CPU
		{7EC18DE4-931B-4D08-8654-E49D5D4BE993}.Release|Any CPU.Build.0 = Release|Any CPU
	EndGlobalSection
	GlobalSection(SolutionProperties) = preSolution
		HideSolutionNode = FALSE
	EndGlobalSection
	GlobalSection(ExtensibilityGlobals) = postSolution
		SolutionGuid = {4E303C07-A2BA-4EAD-A93C-49DD7E3D9A52}
	EndGlobalSection
EndGlobal
